github.com/bbkane/golib v1.0.0 h1:ons/qCPUssDMC0D5HSoYcRorRGoii+dHGdnKlutb/1s=
github.com/bbkane/golib v1.0.0/go.mod h1:S1KqBqMfUN426OuAxCWGyyhpZK3XXjHrk6DXXfDP2lY=
github.com/bbkane/golib/v2 v2.0.0 h1:ccgIPddy1ndsnU4mszSqNPEZpcEGnbVJDyXWqIruubA=
github.com/bbkane/golib/v2 v2.0.0/go.mod h1:F/OIZz8CDJbKLUhG9zj2f/FkoxCRk+EkZ2C/OsDXTq0=
