github.com/bbkane/golib v0.0.0-20210223045640-2a2b8b7186a9 h1:60O9NiKD6REN1tgKJW5dQ1yJktYb2Gqm7NBjUQxWBKk=
github.com/bbkane/golib v0.0.0-20210223045640-2a2b8b7186a9/go.mod h1:3hg22aY2G7rws+vYc3Xw3hTB5DDDbBX1PsqcplpwukU=
github.com/bbkane/golib v0.0.0-20210223050618-f2ba57745902 h1:/C4YjL8kDckC4M4nSYDPRLSHTrEd3h4MFYCqt1yr7fk=
github.com/bbkane/golib v0.0.0-20210223050618-f2ba57745902/go.mod h1:S1KqBqMfUN426OuAxCWGyyhpZK3XXjHrk6DXXfDP2lY=
